
Microsoft Visual Studio Solution File, Format Version 12.00
# Visual Studio Version 17
VisualStudioVersion = 17.5.002.0
MinimumVisualStudioVersion = 10.0.40219.1
Project("{9A19103F-16F7-4668-BE54-9A1E7A4F7556}") = "array (3)", "array (3).csproj", "{F7C0093E-14BA-4B70-A72C-85DC59BB80E8}"
EndProject
Global
	GlobalSection(SolutionConfigurationPlatforms) = preSolution
		Debug|Any CPU = Debug|Any CPU
		Release|Any CPU = Release|Any CPU
	EndGlobalSection
	GlobalSection(ProjectConfigurationPlatforms) = postSolution
		{F7C0093E-14BA-4B70-A72C-85DC59BB80E8}.Debug|Any CPU.ActiveCfg = Debug|Any CPU
		{F7C0093E-14BA-4B70-A72C-85DC59BB80E8}.Debug|Any CPU.Build.0 = Debug|Any CPU
		{F7C0093E-14BA-4B70-A72C-85DC59BB80E8}.Release|Any CPU.ActiveCfg = Release|Any CPU
		{F7C0093E-14BA-4B70-A72C-85DC59BB80E8}.Release|Any CPU.Build.0 = Release|Any CPU
	EndGlobalSection
	GlobalSection(SolutionProperties) = preSolution
		HideSolutionNode = FALSE
	EndGlobalSection
	GlobalSection(ExtensibilityGlobals) = postSolution
		SolutionGuid = {A512BEBD-8EE2-4574-8BBA-5ACD2F9DF067}
	EndGlobalSection
EndGlobal
